
Microsoft Visual Studio Solution File, Format Version 12.00
# Visual Studio Version 17
VisualStudioVersion = 17.7.34221.43
MinimumVisualStudioVersion = 10.0.40219.1
Project("{FAE04EC0-301F-11D3-BF4B-00C04F79EFBC}") = "KK", "KK.csproj", "{2F5B3A87-DDC3-48C7-A7E5-43F190A092BC}"
EndProject
Global
	GlobalSection(SolutionConfigurationPlatforms) = preSolution
		Debug|Any CPU = Debug|Any CPU
		Release|Any CPU = Release|Any CPU
	EndGlobalSection
	GlobalSection(ProjectConfigurationPlatforms) = postSolution
		{2F5B3A87-DDC3-48C7-A7E5-43F190A092BC}.Debug|Any CPU.ActiveCfg = Debug|Any CPU
		{2F5B3A87-DDC3-48C7-A7E5-43F190A092BC}.Debug|Any CPU.Build.0 = Debug|Any CPU
		{2F5B3A87-DDC3-48C7-A7E5-43F190A092BC}.Release|Any CPU.ActiveCfg = Release|Any CPU
		{2F5B3A87-DDC3-48C7-A7E5-43F190A092BC}.Release|Any CPU.Build.0 = Release|Any CPU
	EndGlobalSection
	GlobalSection(SolutionProperties) = preSolution
		HideSolutionNode = FALSE
	EndGlobalSection
	GlobalSection(ExtensibilityGlobals) = postSolution
		SolutionGuid = {024DBC89-9B31-4DA4-BAA1-6830260B3F0A}
	EndGlobalSection
EndGlobal
